
Microsoft Visual Studio Solution File, Format Version 11.00
# Visual Studio 2010
Project("{FAE04EC0-301F-11D3-BF4B-00C04F79EFBC}") = "MoodWeather01", "MoodWeather01\MoodWeather01.csproj", "{6DEE061D-E902-4618-BC0A-2850CA741B56}"
	ProjectSection(ProjectDependencies) = postProject
		{ABF58352-35F6-427C-AD57-664CB9207576} = {ABF58352-35F6-427C-AD57-664CB9207576}
		{ABF58352-35F6-427C-AD57-664CB9207576} = {ABF58352-35F6-427C-AD57-664CB9207576}
		{ABF58352-35F6-427C-AD57-664CB9207576} = {ABF58352-35F6-427C-AD57-664CB9207576}
		{8EBAF990-A968-4909-92CA-D1F8C33BD6EF} = {8EBAF990-A968-4909-92CA-D1F8C33BD6EF}
		{8EBAF990-A968-4909-92CA-D1F8C33BD6EF} = {8EBAF990-A968-4909-92CA-D1F8C33BD6EF}
	EndProjectSection
EndProject
Project("{FAE04EC0-301F-11D3-BF4B-00C04F79EFBC}") = "MoodWeather01.Web", "MoodWeather01.Web\MoodWeather01.Web.csproj", "{ABF58352-35F6-427C-AD57-664CB9207576}"
EndProject
Project("{FAE04EC0-301F-11D3-BF4B-00C04F79EFBC}") = "MoodWeather01.Service.Windows", "MoodWeather01.Service.Windows\MoodWeather01.Service.Windows.csproj", "{02C8F992-4EB4-4E89-B170-14115CFBB490}"
	ProjectSection(ProjectDependencies) = postProject
		{8EBAF990-A968-4909-92CA-D1F8C33BD6EF} = {8EBAF990-A968-4909-92CA-D1F8C33BD6EF}
	EndProjectSection
EndProject
Project("{FAE04EC0-301F-11D3-BF4B-00C04F79EFBC}") = "MoodWeather01.Service.Web", "MoodWeather01.Service.Web\MoodWeather01.Service.Web.csproj", "{8EBAF990-A968-4909-92CA-D1F8C33BD6EF}"
EndProject
Project("{54435603-DBB4-11D2-8724-00A0C9A8B90C}") = "MoodWeatherInstaller", "MoodWeatherInstaller\MoodWeatherInstaller.vdproj", "{3C077C5B-A489-4C22-B5BC-94AC253C6E14}"
EndProject
Project("{2150E333-8FDC-42A3-9474-1A3956D46DE8}") = "Solution Items", "Solution Items", "{04468956-F72B-415A-BA57-761613FB6CED}"
	ProjectSection(SolutionItems) = preProject
		Local.testsettings = Local.testsettings
		MoodWeather01.vsmdi = MoodWeather01.vsmdi
		TraceAndTestImpact.testsettings = TraceAndTestImpact.testsettings
	EndProjectSection
EndProject
Global
	GlobalSection(TestCaseManagementSettings) = postSolution
		CategoryFile = MoodWeather01.vsmdi
	EndGlobalSection
	GlobalSection(SolutionConfigurationPlatforms) = preSolution
		Debug|Any CPU = Debug|Any CPU
		Debug|Mixed Platforms = Debug|Mixed Platforms
		Debug|x86 = Debug|x86
		Release|Any CPU = Release|Any CPU
		Release|Mixed Platforms = Release|Mixed Platforms
		Release|x86 = Release|x86
	EndGlobalSection
	GlobalSection(ProjectConfigurationPlatforms) = postSolution
		{6DEE061D-E902-4618-BC0A-2850CA741B56}.Debug|Any CPU.ActiveCfg = Debug|Any CPU
		{6DEE061D-E902-4618-BC0A-2850CA741B56}.Debug|Any CPU.Build.0 = Debug|Any CPU
		{6DEE061D-E902-4618-BC0A-2850CA741B56}.Debug|Mixed Platforms.ActiveCfg = Debug|Any CPU
		{6DEE061D-E902-4618-BC0A-2850CA741B56}.Debug|Mixed Platforms.Build.0 = Debug|Any CPU
		{6DEE061D-E902-4618-BC0A-2850CA741B56}.Debug|x86.ActiveCfg = Debug|Any CPU
		{6DEE061D-E902-4618-BC0A-2850CA741B56}.Release|Any CPU.ActiveCfg = Release|Any CPU
		{6DEE061D-E902-4618-BC0A-2850CA741B56}.Release|Any CPU.Build.0 = Release|Any CPU
		{6DEE061D-E902-4618-BC0A-2850CA741B56}.Release|Mixed Platforms.ActiveCfg = Release|Any CPU
		{6DEE061D-E902-4618-BC0A-2850CA741B56}.Release|Mixed Platforms.Build.0 = Release|Any CPU
		{6DEE061D-E902-4618-BC0A-2850CA741B56}.Release|x86.ActiveCfg = Release|Any CPU
		{ABF58352-35F6-427C-AD57-664CB9207576}.Debug|Any CPU.ActiveCfg = Debug|Any CPU
		{ABF58352-35F6-427C-AD57-664CB9207576}.Debug|Any CPU.Build.0 = Debug|Any CPU
		{ABF58352-35F6-427C-AD57-664CB9207576}.Debug|Mixed Platforms.ActiveCfg = Debug|Any CPU
		{ABF58352-35F6-427C-AD57-664CB9207576}.Debug|Mixed Platforms.Build.0 = Debug|Any CPU
		{ABF58352-35F6-427C-AD57-664CB9207576}.Debug|x86.ActiveCfg = Debug|Any CPU
		{ABF58352-35F6-427C-AD57-664CB9207576}.Release|Any CPU.ActiveCfg = Release|Any CPU
		{ABF58352-35F6-427C-AD57-664CB9207576}.Release|Any CPU.Build.0 = Release|Any CPU
		{ABF58352-35F6-427C-AD57-664CB9207576}.Release|Mixed Platforms.ActiveCfg = Release|Any CPU
		{ABF58352-35F6-427C-AD57-664CB9207576}.Release|Mixed Platforms.Build.0 = Release|Any CPU
		{ABF58352-35F6-427C-AD57-664CB9207576}.Release|x86.ActiveCfg = Release|Any CPU
		{02C8F992-4EB4-4E89-B170-14115CFBB490}.Debug|Any CPU.ActiveCfg = Debug|x86
		{02C8F992-4EB4-4E89-B170-14115CFBB490}.Debug|Mixed Platforms.ActiveCfg = Debug|x86
		{02C8F992-4EB4-4E89-B170-14115CFBB490}.Debug|Mixed Platforms.Build.0 = Debug|x86
		{02C8F992-4EB4-4E89-B170-14115CFBB490}.Debug|x86.ActiveCfg = Debug|x86
		{02C8F992-4EB4-4E89-B170-14115CFBB490}.Debug|x86.Build.0 = Debug|x86
		{02C8F992-4EB4-4E89-B170-14115CFBB490}.Release|Any CPU.ActiveCfg = Release|x86
		{02C8F992-4EB4-4E89-B170-14115CFBB490}.Release|Mixed Platforms.ActiveCfg = Release|x86
		{02C8F992-4EB4-4E89-B170-14115CFBB490}.Release|Mixed Platforms.Build.0 = Release|x86
		{02C8F992-4EB4-4E89-B170-14115CFBB490}.Release|x86.ActiveCfg = Release|x86
		{02C8F992-4EB4-4E89-B170-14115CFBB490}.Release|x86.Build.0 = Release|x86
		{8EBAF990-A968-4909-92CA-D1F8C33BD6EF}.Debug|Any CPU.ActiveCfg = Debug|Any CPU
		{8EBAF990-A968-4909-92CA-D1F8C33BD6EF}.Debug|Any CPU.Build.0 = Debug|Any CPU
		{8EBAF990-A968-4909-92CA-D1F8C33BD6EF}.Debug|Mixed Platforms.ActiveCfg = Debug|Any CPU
		{8EBAF990-A968-4909-92CA-D1F8C33BD6EF}.Debug|Mixed Platforms.Build.0 = Debug|Any CPU
		{8EBAF990-A968-4909-92CA-D1F8C33BD6EF}.Debug|x86.ActiveCfg = Debug|Any CPU
		{8EBAF990-A968-4909-92CA-D1F8C33BD6EF}.Release|Any CPU.ActiveCfg = Release|Any CPU
		{8EBAF990-A968-4909-92CA-D1F8C33BD6EF}.Release|Any CPU.Build.0 = Release|Any CPU
		{8EBAF990-A968-4909-92CA-D1F8C33BD6EF}.Release|Mixed Platforms.ActiveCfg = Release|Any CPU
		{8EBAF990-A968-4909-92CA-D1F8C33BD6EF}.Release|Mixed Platforms.Build.0 = Release|Any CPU
		{8EBAF990-A968-4909-92CA-D1F8C33BD6EF}.Release|x86.ActiveCfg = Release|Any CPU
		{3C077C5B-A489-4C22-B5BC-94AC253C6E14}.Debug|Any CPU.ActiveCfg = Debug
		{3C077C5B-A489-4C22-B5BC-94AC253C6E14}.Debug|Mixed Platforms.ActiveCfg = Debug
		{3C077C5B-A489-4C22-B5BC-94AC253C6E14}.Debug|x86.ActiveCfg = Debug
		{3C077C5B-A489-4C22-B5BC-94AC253C6E14}.Release|Any CPU.ActiveCfg = Release
		{3C077C5B-A489-4C22-B5BC-94AC253C6E14}.Release|Mixed Platforms.ActiveCfg = Release
		{3C077C5B-A489-4C22-B5BC-94AC253C6E14}.Release|Mixed Platforms.Build.0 = Release
		{3C077C5B-A489-4C22-B5BC-94AC253C6E14}.Release|x86.ActiveCfg = Release
	EndGlobalSection
	GlobalSection(SolutionProperties) = preSolution
		HideSolutionNode = FALSE
	EndGlobalSection
EndGlobal
